# This file is automatically @generated by Cargo.
# It is not intended for manual editing.
version = 3

[[package]]
name = "serde"
version = "1.0.219"
source = "registry+https://github.com/rust-lang/crates.io-index"
checksum = "5f0e2fc514336c5cc3251670a1fda6a2f6c48ec6c9bad4cc41ba8d0e01db06e"
dependencies = [
 "serde_derive",
]

[[package]]
name = "serde_derive"
version = "1.0.219"
source = "registry+https://github.com/rust-lang/crates.io-index"
checksum = "5b0276cf7f2c73365f7157c8123c21cd9c8e2b5ec5cd7c0f89e6ef54b8dfc46"

[[package]]
name = "my_local_crate"
version = "0.1.0"
dependencies = [
 "serde",
]

[[package]]
name = "my_git_crate"
version = "0.2.0"
source = "git+https://github.com/example/my_git_crate.git#abc123def456"
