version = 1
requires-python = ">=3.11"

[[package]]
name = "requests"
version = "2.33.0"
source = { registry = "https://pypi.org/simple" }

[[package]]
name = "my-git-pkg"
version = "0.1.0"
source = { git = "https://github.com/example/my-git-pkg.git", rev = "abc123" }

[[package]]
name = "my-local-pkg"
version = "0.1.0"
source = { path = "../my-local-pkg" }
